
Microsoft Visual Studio Solution File, Format Version 12.00
# Visual Studio Version 17
VisualStudioVersion = 17.0.31919.166
MinimumVisualStudioVersion = 10.0.40219.1
Project("{9A19103F-16F7-4668-BE54-9A1E7A4F7556}") = "RealtimeDataPortal", "RealtimeDataPortal\RealtimeDataPortal.csproj", "{28323131-0899-4225-B9A0-54C6B2963A13}"
EndProject
Project("{2150E333-8FDC-42A3-9474-1A3956D46DE8}") = "Solution Items", "Solution Items", "{5E92CBAC-DDDA-49AE-9BAB-D16CB0D0B8A2}"
	ProjectSection(SolutionItems) = preProject
		.editorconfig = .editorconfig
	EndProjectSection
EndProject
Global
	GlobalSection(SolutionConfigurationPlatforms) = preSolution
		Debug|Any CPU = Debug|Any CPU
		Release|Any CPU = Release|Any CPU
	EndGlobalSection
	GlobalSection(ProjectConfigurationPlatforms) = postSolution
		{28323131-0899-4225-B9A0-54C6B2963A13}.Debug|Any CPU.ActiveCfg = Debug|Any CPU
		{28323131-0899-4225-B9A0-54C6B2963A13}.Debug|Any CPU.Build.0 = Debug|Any CPU
		{28323131-0899-4225-B9A0-54C6B2963A13}.Release|Any CPU.ActiveCfg = Release|Any CPU
		{28323131-0899-4225-B9A0-54C6B2963A13}.Release|Any CPU.Build.0 = Release|Any CPU
	EndGlobalSection
	GlobalSection(SolutionProperties) = preSolution
		HideSolutionNode = FALSE
	EndGlobalSection
	GlobalSection(ExtensibilityGlobals) = postSolution
		SolutionGuid = {D4E2E20F-2F46-4229-A06E-AB3CEDAE537D}
	EndGlobalSection
EndGlobal
